
Microsoft Visual Studio Solution File, Format Version 12.00
# Visual Studio Version 17
VisualStudioVersion = 17.8.34330.188
MinimumVisualStudioVersion = 10.0.40219.1
Project("{FAE04EC0-301F-11D3-BF4B-00C04F79EFBC}") = "Lab02DB", "Lab02DB\Lab02DB.csproj", "{3CA65EE8-EA65-411F-984C-A73CA8ED9AB6}"
EndProject
Global
	GlobalSection(SolutionConfigurationPlatforms) = preSolution
		Debug|Any CPU = Debug|Any CPU
		Release|Any CPU = Release|Any CPU
	EndGlobalSection
	GlobalSection(ProjectConfigurationPlatforms) = postSolution
		{3CA65EE8-EA65-411F-984C-A73CA8ED9AB6}.Debug|Any CPU.ActiveCfg = Debug|Any CPU
		{3CA65EE8-EA65-411F-984C-A73CA8ED9AB6}.Debug|Any CPU.Build.0 = Debug|Any CPU
		{3CA65EE8-EA65-411F-984C-A73CA8ED9AB6}.Release|Any CPU.ActiveCfg = Release|Any CPU
		{3CA65EE8-EA65-411F-984C-A73CA8ED9AB6}.Release|Any CPU.Build.0 = Release|Any CPU
	EndGlobalSection
	GlobalSection(SolutionProperties) = preSolution
		HideSolutionNode = FALSE
	EndGlobalSection
	GlobalSection(ExtensibilityGlobals) = postSolution
		SolutionGuid = {5271E6DF-7A2D-472B-AD3F-197C25AA67FE}
	EndGlobalSection
EndGlobal
